
Microsoft Visual Studio Solution File, Format Version 12.00
# Visual Studio Version 17
VisualStudioVersion = 17.8.34309.116
MinimumVisualStudioVersion = 10.0.40219.1
Project("{9A19103F-16F7-4668-BE54-9A1E7A4F7556}") = "WebApi", "WebApi\WebApi.csproj", "{C9D6E74D-3DF2-4D58-88A1-4C54CD48B74E}"
EndProject
Global
	GlobalSection(SolutionConfigurationPlatforms) = preSolution
		Debug|Any CPU = Debug|Any CPU
		Release|Any CPU = Release|Any CPU
	EndGlobalSection
	GlobalSection(ProjectConfigurationPlatforms) = postSolution
		{C9D6E74D-3DF2-4D58-88A1-4C54CD48B74E}.Debug|Any CPU.ActiveCfg = Debug|Any CPU
		{C9D6E74D-3DF2-4D58-88A1-4C54CD48B74E}.Debug|Any CPU.Build.0 = Debug|Any CPU
		{C9D6E74D-3DF2-4D58-88A1-4C54CD48B74E}.Release|Any CPU.ActiveCfg = Release|Any CPU
		{C9D6E74D-3DF2-4D58-88A1-4C54CD48B74E}.Release|Any CPU.Build.0 = Release|Any CPU
	EndGlobalSection
	GlobalSection(SolutionProperties) = preSolution
		HideSolutionNode = FALSE
	EndGlobalSection
	GlobalSection(ExtensibilityGlobals) = postSolution
		SolutionGuid = {803986DB-9406-47D8-B5CD-3BC9CF0AAE98}
	EndGlobalSection
EndGlobal
